
Microsoft Visual Studio Solution File, Format Version 12.00
# Visual Studio 15
VisualStudioVersion = 15.0.28010.2041
MinimumVisualStudioVersion = 10.0.40219.1
Project("{FAE04EC0-301F-11D3-BF4B-00C04F79EFBC}") = "PRCS252 API", "PRCS252 API\PRCS252 API.csproj", "{D769B3A5-2311-4708-ADC6-FD4FDE8FEC34}"
EndProject
Global
	GlobalSection(SolutionConfigurationPlatforms) = preSolution
		Debug|Any CPU = Debug|Any CPU
		Release|Any CPU = Release|Any CPU
	EndGlobalSection
	GlobalSection(ProjectConfigurationPlatforms) = postSolution
		{D769B3A5-2311-4708-ADC6-FD4FDE8FEC34}.Debug|Any CPU.ActiveCfg = Debug|Any CPU
		{D769B3A5-2311-4708-ADC6-FD4FDE8FEC34}.Debug|Any CPU.Build.0 = Debug|Any CPU
		{D769B3A5-2311-4708-ADC6-FD4FDE8FEC34}.Release|Any CPU.ActiveCfg = Release|Any CPU
		{D769B3A5-2311-4708-ADC6-FD4FDE8FEC34}.Release|Any CPU.Build.0 = Release|Any CPU
	EndGlobalSection
	GlobalSection(SolutionProperties) = preSolution
		HideSolutionNode = FALSE
	EndGlobalSection
	GlobalSection(ExtensibilityGlobals) = postSolution
		SolutionGuid = {55F4DFC1-DA79-4CF8-B3B9-FFDA4BD44A68}
	EndGlobalSection
EndGlobal
